
Microsoft Visual Studio Solution File, Format Version 12.00
# Visual Studio 14
VisualStudioVersion = 14.0.25420.1
MinimumVisualStudioVersion = 10.0.40219.1
Project("{F184B08F-C81C-45F6-A57F-5ABD9991F28F}") = "Proyecto_ADA", "Proyecto_ADA\Proyecto_ADA.vbproj", "{A1D672E8-EC45-4F90-893D-7F3CE305B366}"
EndProject
Global
	GlobalSection(SolutionConfigurationPlatforms) = preSolution
		Debug|Any CPU = Debug|Any CPU
		Release|Any CPU = Release|Any CPU
	EndGlobalSection
	GlobalSection(ProjectConfigurationPlatforms) = postSolution
		{A1D672E8-EC45-4F90-893D-7F3CE305B366}.Debug|Any CPU.ActiveCfg = Debug|Any CPU
		{A1D672E8-EC45-4F90-893D-7F3CE305B366}.Debug|Any CPU.Build.0 = Debug|Any CPU
		{A1D672E8-EC45-4F90-893D-7F3CE305B366}.Release|Any CPU.ActiveCfg = Release|Any CPU
		{A1D672E8-EC45-4F90-893D-7F3CE305B366}.Release|Any CPU.Build.0 = Release|Any CPU
	EndGlobalSection
	GlobalSection(SolutionProperties) = preSolution
		HideSolutionNode = FALSE
	EndGlobalSection
EndGlobal
